
Microsoft Visual Studio Solution File, Format Version 12.00
# Visual Studio Version 17
Project("{FAE04EC0-301F-11D3-BF4B-00C04F79EFBC}") = "Roon.Crestron", "src\Roon.Crestron\Roon.Crestron.csproj", "{A1B2C3D4-0001-4000-8000-000000000005}"
EndProject
Project("{FAE04EC0-301F-11D3-BF4B-00C04F79EFBC}") = "Roon.Ui.Crestron", "src\Roon.Ui.Crestron\Roon.Ui.Crestron.csproj", "{A1B2C3D4-0001-4000-8000-000000000007}"
EndProject
Project("{FAE04EC0-301F-11D3-BF4B-00C04F79EFBC}") = "Roon.Cli", "src\Roon.Cli\Roon.Cli.csproj", "{A1B2C3D4-0001-4000-8000-000000000006}"
EndProject
Global
	GlobalSection(SolutionConfigurationPlatforms) = preSolution
		Debug|Any CPU = Debug|Any CPU
		Release|Any CPU = Release|Any CPU
	EndGlobalSection
	GlobalSection(ProjectConfigurationPlatforms) = postSolution
		{A1B2C3D4-0001-4000-8000-000000000005}.Debug|Any CPU.ActiveCfg = Debug|Any CPU
		{A1B2C3D4-0001-4000-8000-000000000005}.Debug|Any CPU.Build.0 = Debug|Any CPU
		{A1B2C3D4-0001-4000-8000-000000000005}.Release|Any CPU.ActiveCfg = Release|Any CPU
		{A1B2C3D4-0001-4000-8000-000000000005}.Release|Any CPU.Build.0 = Release|Any CPU
		{A1B2C3D4-0001-4000-8000-000000000007}.Debug|Any CPU.ActiveCfg = Debug|Any CPU
		{A1B2C3D4-0001-4000-8000-000000000007}.Debug|Any CPU.Build.0 = Debug|Any CPU
		{A1B2C3D4-0001-4000-8000-000000000007}.Release|Any CPU.ActiveCfg = Release|Any CPU
		{A1B2C3D4-0001-4000-8000-000000000007}.Release|Any CPU.Build.0 = Release|Any CPU
		{A1B2C3D4-0001-4000-8000-000000000006}.Debug|Any CPU.ActiveCfg = Debug|Any CPU
		{A1B2C3D4-0001-4000-8000-000000000006}.Debug|Any CPU.Build.0 = Debug|Any CPU
		{A1B2C3D4-0001-4000-8000-000000000006}.Release|Any CPU.ActiveCfg = Release|Any CPU
		{A1B2C3D4-0001-4000-8000-000000000006}.Release|Any CPU.Build.0 = Release|Any CPU
	EndGlobalSection
EndGlobal
